
Microsoft Visual Studio Solution File, Format Version 12.00
Project("{FAE04EC0-301F-11D3-BF4B-00C04F79EFBC}") = "Raumbuchung_JJJ_API", "Raumbuchung_JJJ_API\Raumbuchung_JJJ_API.csproj", "{96823B28-AA2B-4FC5-8DBE-EE58F4E3FE0E}"
EndProject
Global
	GlobalSection(SolutionConfigurationPlatforms) = preSolution
		Debug|Any CPU = Debug|Any CPU
		Release|Any CPU = Release|Any CPU
	EndGlobalSection
	GlobalSection(ProjectConfigurationPlatforms) = postSolution
		{96823B28-AA2B-4FC5-8DBE-EE58F4E3FE0E}.Debug|Any CPU.ActiveCfg = Debug|Any CPU
		{96823B28-AA2B-4FC5-8DBE-EE58F4E3FE0E}.Debug|Any CPU.Build.0 = Debug|Any CPU
		{96823B28-AA2B-4FC5-8DBE-EE58F4E3FE0E}.Release|Any CPU.ActiveCfg = Release|Any CPU
		{96823B28-AA2B-4FC5-8DBE-EE58F4E3FE0E}.Release|Any CPU.Build.0 = Release|Any CPU
	EndGlobalSection
EndGlobal
